
Microsoft Visual Studio Solution File, Format Version 12.00
# Visual Studio Version 16
VisualStudioVersion = 16.0.32901.82
MinimumVisualStudioVersion = 10.0.40219.1
Project("{FAE04EC0-301F-11D3-BF4B-00C04F79EFBC}") = "Design Patterns", "Design Patterns\Design Patterns.csproj", "{DDD482EB-8F92-4C80-B944-6B6B3D347D3A}"
EndProject
Global
	GlobalSection(SolutionConfigurationPlatforms) = preSolution
		Debug|Any CPU = Debug|Any CPU
		Release|Any CPU = Release|Any CPU
	EndGlobalSection
	GlobalSection(ProjectConfigurationPlatforms) = postSolution
		{DDD482EB-8F92-4C80-B944-6B6B3D347D3A}.Debug|Any CPU.ActiveCfg = Debug|Any CPU
		{DDD482EB-8F92-4C80-B944-6B6B3D347D3A}.Debug|Any CPU.Build.0 = Debug|Any CPU
		{DDD482EB-8F92-4C80-B944-6B6B3D347D3A}.Release|Any CPU.ActiveCfg = Release|Any CPU
		{DDD482EB-8F92-4C80-B944-6B6B3D347D3A}.Release|Any CPU.Build.0 = Release|Any CPU
	EndGlobalSection
	GlobalSection(SolutionProperties) = preSolution
		HideSolutionNode = FALSE
	EndGlobalSection
	GlobalSection(ExtensibilityGlobals) = postSolution
		SolutionGuid = {44174790-BCAB-45F0-97ED-4F938D5208A4}
	EndGlobalSection
EndGlobal
